
Microsoft Visual Studio Solution File, Format Version 12.00
# Visual Studio Version 17
VisualStudioVersion = 17.5.33414.496
MinimumVisualStudioVersion = 10.0.40219.1
Project("{FAE04EC0-301F-11D3-BF4B-00C04F79EFBC}") = "bro code", "bro code\bro code.csproj", "{0C4C5EF3-470B-43CC-95A3-A534E4422148}"
EndProject
Global
	GlobalSection(SolutionConfigurationPlatforms) = preSolution
		Debug|Any CPU = Debug|Any CPU
		Release|Any CPU = Release|Any CPU
	EndGlobalSection
	GlobalSection(ProjectConfigurationPlatforms) = postSolution
		{0C4C5EF3-470B-43CC-95A3-A534E4422148}.Debug|Any CPU.ActiveCfg = Debug|Any CPU
		{0C4C5EF3-470B-43CC-95A3-A534E4422148}.Debug|Any CPU.Build.0 = Debug|Any CPU
		{0C4C5EF3-470B-43CC-95A3-A534E4422148}.Release|Any CPU.ActiveCfg = Release|Any CPU
		{0C4C5EF3-470B-43CC-95A3-A534E4422148}.Release|Any CPU.Build.0 = Release|Any CPU
	EndGlobalSection
	GlobalSection(SolutionProperties) = preSolution
		HideSolutionNode = FALSE
	EndGlobalSection
	GlobalSection(ExtensibilityGlobals) = postSolution
		SolutionGuid = {90BD0420-7221-474D-867F-7CFB3249A541}
	EndGlobalSection
EndGlobal
